// !$*UTF8*$!
{
	archiveVersion = 1;
	classes = {
	};
	objectVersion = 51;
	objects = {

/* Begin PBXBuildFile section */
		0221C5FD255E7BA151CC0878 /* Pods_library.framework in Frameworks */ = {isa = PBXBuildFile; fileRef = A7C9C11C77FE13AEF0AAA2D7 /* Pods_library.framework */; };
		BB91FD2823D2620800EC74AF /* GoogleService-Info.plist in Resources */ = {isa = PBXBuildFile; fileRef = BB91FD2723D2620800EC74AF /* GoogleService-Info.plist */; };
		BBADFCCC23D25FA9000E5346 /* AppDelegate.swift in Sources */ = {isa = PBXBuildFile; fileRef = BBADFCCB23D25FA9000E5346 /* AppDelegate.swift */; };
		BBADFCCE23D25FA9000E5346 /* SceneDelegate.swift in Sources */ = {isa = PBXBuildFile; fileRef = BBADFCCD23D25FA9000E5346 /* SceneDelegate.swift */; };
		BBADFCD023D25FA9000E5346 /* ViewController.swift in Sources */ = {isa = PBXBuildFile; fileRef = BBADFCCF23D25FA9000E5346 /* ViewController.swift */; };
		BBADFCD323D25FA9000E5346 /* Main.storyboard in Resources */ = {isa = PBXBuildFile; fileRef = BBADFCD123D25FA9000E5346 /* Main.storyboard */; };
		BBADFCD523D25FA9000E5346 /* Assets.xcassets in Resources */ = {isa = PBXBuildFile; fileRef = BBADFCD423D25FA9000E5346 /* Assets.xcassets */; };
		BBADFCD823D25FA9000E5346 /* LaunchScreen.storyboard in Resources */ = {isa = PBXBuildFile; fileRef = BBADFCD623D25FA9000E5346 /* LaunchScreen.storyboard */; };
/* End PBXBuildFile section */

/* Begin PBXFileReference section */
		15C3732D7098002375D641F0 /* Pods-library.debug.xcconfig */ = {isa = PBXFileReference; includeInIndex = 1; lastKnownFileType = text.xcconfig; name = "Pods-library.debug.xcconfig"; path = "Target Support Files/Pods-library/Pods-library.debug.xcconfig"; sourceTree = "<group>"; };
		A7C9C11C77FE13AEF0AAA2D7 /* Pods_library.framework */ = {isa = PBXFileReference; explicitFileType = wrapper.framework; includeInIndex = 0; path = Pods_library.framework; sourceTree = BUILT_PRODUCTS_DIR; };
		BB91FD2723D2620800EC74AF /* GoogleService-Info.plist */ = {isa = PBXFileReference; fileEncoding = 4; lastKnownFileType = text.plist.xml; path = "GoogleService-Info.plist"; sourceTree = "<group>"; };
		BBADFCC823D25FA9000E5346 /* library.app */ = {isa = PBXFileReference; explicitFileType = wrapper.application; includeInIndex = 0; path = library.app; sourceTree = BUILT_PRODUCTS_DIR; };
		BBADFCCB23D25FA9000E5346 /* AppDelegate.swift */ = {isa = PBXFileReference; lastKnownFileType = sourcecode.swift; path = AppDelegate.swift; sourceTree = "<group>"; };
		BBADFCCD23D25FA9000E5346 /* SceneDelegate.swift */ = {isa = PBXFileReference; lastKnownFileType = sourcecode.swift; path = SceneDelegate.swift; sourceTree = "<group>"; };
		BBADFCCF23D25FA9000E5346 /* ViewController.swift */ = {isa = PBXFileReference; lastKnownFileType = sourcecode.swift; path = ViewController.swift; sourceTree = "<group>"; };
		BBADFCD223D25FA9000E5346 /* Base */ = {isa = PBXFileReference; lastKnownFileType = file.storyboard; name = Base; path = Base.lproj/Main.storyboard; sourceTree = "<group>"; };
		BBADFCD423D25FA9000E5346 /* Assets.xcassets */ = {isa = PBXFileReference; lastKnownFileType = folder.assetcatalog; path = Assets.xcassets; sourceTree = "<group>"; };
		BBADFCD723D25FA9000E5346 /* Base */ = {isa = PBXFileReference; lastKnownFileType = file.storyboard; name = Base; path = Base.lproj/LaunchScreen.storyboard; sourceTree = "<group>"; };
		BBADFCD923D25FA9000E5346 /* Info.plist */ = {isa = PBXFileReference; lastKnownFileType = text.plist.xml; path = Info.plist; sourceTree = "<group>"; };
		D9FD51624D1EA45D750D53CA /* Pods-library.release.xcconfig */ = {isa = PBXFileReference; includeInIndex = 1; lastKnownFileType = text.xcconfig; name = "Pods-library.release.xcconfig"; path = "Target Support Files/Pods-library/Pods-library.release.xcconfig"; sourceTree = "<group>"; };
/* End PBXFileReference section */

/* Begin PBXFrameworksBuildPhase section */
		BBADFCC523D25FA9000E5346 /* Frameworks */ = {
			isa = PBXFrameworksBuildPhase;
			buildActionMask = 2147483647;
			files = (
				0221C5FD255E7BA151CC0878 /* Pods_library.framework in Frameworks */,
			);
			runOnlyForDeploymentPostprocessing = 0;
		};
/* End PBXFrameworksBuildPhase section */

/* Begin PBXGroup section */
		6BC1B7A358129C3E5993C49F /* Frameworks */ = {
			isa = PBXGroup;
			children = (
				A7C9C11C77FE13AEF0AAA2D7 /* Pods_library.framework */,
			);
			name = Frameworks;
			sourceTree = "<group>";
		};
		BB91FD2F23D7792E00EC74AF /* View Controllers */ = {
			isa = PBXGroup;
			children = (
				BBADFCCF23D25FA9000E5346 /* ViewController.swift */,
			);
			path = "View Controllers";
			sourceTree = "<group>";
		};
		BBADFCBF23D25FA9000E5346 = {
			isa = PBXGroup;
			children = (
				BBADFCCA23D25FA9000E5346 /* library */,
				BBADFCC923D25FA9000E5346 /* Products */,
				F299461C005E420CF29376D5 /* Pods */,
				6BC1B7A358129C3E5993C49F /* Frameworks */,
			);
			sourceTree = "<group>";
		};
		BBADFCC923D25FA9000E5346 /* Products */ = {
			isa = PBXGroup;
			children = (
				BBADFCC823D25FA9000E5346 /* library.app */,
			);
			name = Products;
			sourceTree = "<group>";
		};
		BBADFCCA23D25FA9000E5346 /* library */ = {
			isa = PBXGroup;
			children = (
				BB91FD2F23D7792E00EC74AF /* View Controllers */,
				BB91FD2723D2620800EC74AF /* GoogleService-Info.plist */,
				BBADFCCB23D25FA9000E5346 /* AppDelegate.swift */,
				BBADFCCD23D25FA9000E5346 /* SceneDelegate.swift */,
				BBADFCD123D25FA9000E5346 /* Main.storyboard */,
				BBADFCD423D25FA9000E5346 /* Assets.xcassets */,
				BBADFCD623D25FA9000E5346 /* LaunchScreen.storyboard */,
				BBADFCD923D25FA9000E5346 /* Info.plist */,
			);
			path = library;
			sourceTree = "<group>";
		};
		F299461C005E420CF29376D5 /* Pods */ = {
			isa = PBXGroup;
			children = (
				15C3732D7098002375D641F0 /* Pods-library.debug.xcconfig */,
				D9FD51624D1EA45D750D53CA /* Pods-library.release.xcconfig */,
			);
			path = Pods;
			sourceTree = "<group>";
		};
/* End PBXGroup section */

/* Begin PBXNativeTarget section */
		BBADFCC723D25FA9000E5346 /* library */ = {
			isa = PBXNativeTarget;
			buildConfigurationList = BBADFCDC23D25FA9000E5346 /* Build configuration list for PBXNativeTarget "library" */;
			buildPhases = (
				67688847A4D35DDD1E3CE740 /* [CP] Check Pods Manifest.lock */,
				BBADFCC423D25FA9000E5346 /* Sources */,
				BBADFCC523D25FA9000E5346 /* Frameworks */,
				BBADFCC623D25FA9000E5346 /* Resources */,
				2CA75ACC2527706FF5C193BA /* [CP] Embed Pods Frameworks */,
				077DA631E12F3B4C42419530 /* [CP] Copy Pods Resources */,
			);
			buildRules = (
			);
			dependencies = (
			);
			name = library;
			productName = library;
			productReference = BBADFCC823D25FA9000E5346 /* library.app */;
			productType = "com.apple.product-type.application";
		};
/* End PBXNativeTarget section */

/* Begin PBXProject section */
		BBADFCC023D25FA9000E5346 /* Project object */ = {
			isa = PBXProject;
			attributes = {
				LastSwiftUpdateCheck = 1130;
				LastUpgradeCheck = 1130;
				ORGANIZATIONNAME = "Tamara McDiarmid";
				TargetAttributes = {
					BBADFCC723D25FA9000E5346 = {
						CreatedOnToolsVersion = 11.3.1;
					};
				};
			};
			buildConfigurationList = BBADFCC323D25FA9000E5346 /* Build configuration list for PBXProject "library" */;
			compatibilityVersion = "Xcode 9.3";
			developmentRegion = en;
			hasScannedForEncodings = 0;
			knownRegions = (
				en,
				Base,
			);
			mainGroup = BBADFCBF23D25FA9000E5346;
			productRefGroup = BBADFCC923D25FA9000E5346 /* Products */;
			projectDirPath = "";
			projectRoot = "";
			targets = (
				BBADFCC723D25FA9000E5346 /* library */,
			);
		};
/* End PBXProject section */

/* Begin PBXResourcesBuildPhase section */
		BBADFCC623D25FA9000E5346 /* Resources */ = {
			isa = PBXResourcesBuildPhase;
			buildActionMask = 2147483647;
			files = (
				BBADFCD823D25FA9000E5346 /* LaunchScreen.storyboard in Resources */,
				BB91FD2823D2620800EC74AF /* GoogleService-Info.plist in Resources */,
				BBADFCD523D25FA9000E5346 /* Assets.xcassets in Resources */,
				BBADFCD323D25FA9000E5346 /* Main.storyboard in Resources */,
			);
			runOnlyForDeploymentPostprocessing = 0;
		};
/* End PBXResourcesBuildPhase section */

/* Begin PBXShellScriptBuildPhase section */
		077DA631E12F3B4C42419530 /* [CP] Copy Pods Resources */ = {
			isa = PBXShellScriptBuildPhase;
			buildActionMask = 2147483647;
			files = (
			);
			inputFileListPaths = (
				"${PODS_ROOT}/Target Support Files/Pods-library/Pods-library-resources-${CONFIGURATION}-input-files.xcfilelist",
			);
			name = "[CP] Copy Pods Resources";
			outputFileListPaths = (
				"${PODS_ROOT}/Target Support Files/Pods-library/Pods-library-resources-${CONFIGURATION}-output-files.xcfilelist",
			);
			runOnlyForDeploymentPostprocessing = 0;
			shellPath = /bin/sh;
			shellScript = "\"${PODS_ROOT}/Target Support Files/Pods-library/Pods-library-resources.sh\"\n";
			showEnvVarsInLog = 0;
		};
		2CA75ACC2527706FF5C193BA /* [CP] Embed Pods Frameworks */ = {
			isa = PBXShellScriptBuildPhase;
			buildActionMask = 2147483647;
			files = (
			);
			inputFileListPaths = (
				"${PODS_ROOT}/Target Support Files/Pods-library/Pods-library-frameworks-${CONFIGURATION}-input-files.xcfilelist",
			);
			name = "[CP] Embed Pods Frameworks";
			outputFileListPaths = (
				"${PODS_ROOT}/Target Support Files/Pods-library/Pods-library-frameworks-${CONFIGURATION}-output-files.xcfilelist",
			);
			runOnlyForDeploymentPostprocessing = 0;
			shellPath = /bin/sh;
			shellScript = "\"${PODS_ROOT}/Target Support Files/Pods-library/Pods-library-frameworks.sh\"\n";
			showEnvVarsInLog = 0;
		};
		67688847A4D35DDD1E3CE740 /* [CP] Check Pods Manifest.lock */ = {
			isa = PBXShellScriptBuildPhase;
			buildActionMask = 2147483647;
			files = (
			);
			inputFileListPaths = (
			);
			inputPaths = (
				"${PODS_PODFILE_DIR_PATH}/Podfile.lock",
				"${PODS_ROOT}/Manifest.lock",
			);
			name = "[CP] Check Pods Manifest.lock";
			outputFileListPaths = (
			);
			outputPaths = (
				"$(DERIVED_FILE_DIR)/Pods-library-checkManifestLockResult.txt",
			);
			runOnlyForDeploymentPostprocessing = 0;
			shellPath = /bin/sh;
			shellScript = "diff \"${PODS_PODFILE_DIR_PATH}/Podfile.lock\" \"${PODS_ROOT}/Manifest.lock\" > /dev/null\nif [ $? != 0 ] ; then\n    # print error to STDERR\n    echo \"error: The sandbox is not in sync with the Podfile.lock. Run 'pod install' or update your CocoaPods installation.\" >&2\n    exit 1\nfi\n# This output is used by Xcode 'outputs' to avoid re-running this script phase.\necho \"SUCCESS\" > \"${SCRIPT_OUTPUT_FILE_0}\"\n";
			showEnvVarsInLog = 0;
		};
/* End PBXShellScriptBuildPhase section */

/* Begin PBXSourcesBuildPhase section */
		BBADFCC423D25FA9000E5346 /* Sources */ = {
			isa = PBXSourcesBuildPhase;
			buildActionMask = 2147483647;
			files = (
				BBADFCD023D25FA9000E5346 /* ViewController.swift in Sources */,
				BBADFCCC23D25FA9000E5346 /* AppDelegate.swift in Sources */,
				BBADFCCE23D25FA9000E5346 /* SceneDelegate.swift in Sources */,
			);
			runOnlyForDeploymentPostprocessing = 0;
		};
/* End PBXSourcesBuildPhase section */

/* Begin PBXVariantGroup section */
		BBADFCD123D25FA9000E5346 /* Main.storyboard */ = {
			isa = PBXVariantGroup;
			children = (
				BBADFCD223D25FA9000E5346 /* Base */,
			);
			name = Main.storyboard;
			sourceTree = "<group>";
		};
		BBADFCD623D25FA9000E5346 /* LaunchScreen.storyboard */ = {
			isa = PBXVariantGroup;
			children = (
				BBADFCD723D25FA9000E5346 /* Base */,
			);
			name = LaunchScreen.storyboard;
			sourceTree = "<group>";
		};
/* End PBXVariantGroup section */

/* Begin XCBuildConfiguration section */
		BBADFCDA23D25FA9000E5346 /* Debug */ = {
			isa = XCBuildConfiguration;
			buildSettings = {
				ALWAYS_SEARCH_USER_PATHS = NO;
				CLANG_ANALYZER_NONNULL = YES;
				CLANG_ANALYZER_NUMBER_OBJECT_CONVERSION = YES_AGGRESSIVE;
				CLANG_CXX_LANGUAGE_STANDARD = "gnu++14";
				CLANG_CXX_LIBRARY = "libc++";
				CLANG_ENABLE_MODULES = YES;
				CLANG_ENABLE_OBJC_ARC = YES;
				CLANG_ENABLE_OBJC_WEAK = YES;
				CLANG_WARN_BLOCK_CAPTURE_AUTORELEASING = YES;
				CLANG_WARN_BOOL_CONVERSION = YES;
				CLANG_WARN_COMMA = YES;
				CLANG_WARN_CONSTANT_CONVERSION = YES;
				CLANG_WARN_DEPRECATED_OBJC_IMPLEMENTATIONS = YES;
				CLANG_WARN_DIRECT_OBJC_ISA_USAGE = YES_ERROR;
				CLANG_WARN_DOCUMENTATION_COMMENTS = YES;
				CLANG_WARN_EMPTY_BODY = YES;
				CLANG_WARN_ENUM_CONVERSION = YES;
				CLANG_WARN_INFINITE_RECURSION = YES;
				CLANG_WARN_INT_CONVERSION = YES;
				CLANG_WARN_NON_LITERAL_NULL_CONVERSION = YES;
				CLANG_WARN_OBJC_IMPLICIT_RETAIN_SELF = YES;
				CLANG_WARN_OBJC_LITERAL_CONVERSION = YES;
				CLANG_WARN_OBJC_ROOT_CLASS = YES_ERROR;
				CLANG_WARN_RANGE_LOOP_ANALYSIS = YES;
				CLANG_WARN_STRICT_PROTOTYPES = YES;
				CLANG_WARN_SUSPICIOUS_MOVE = YES;
				CLANG_WARN_UNGUARDED_AVAILABILITY = YES_AGGRESSIVE;
				CLANG_WARN_UNREACHABLE_CODE = YES;
				CLANG_WARN__DUPLICATE_METHOD_MATCH = YES;
				COPY_PHASE_STRIP = NO;
				DEBUG_INFORMATION_FORMAT = dwarf;
				ENABLE_STRICT_OBJC_MSGSEND = YES;
				ENABLE_TESTABILITY = YES;
				GCC_C_LANGUAGE_STANDARD = gnu11;
				GCC_DYNAMIC_NO_PIC = NO;
				GCC_NO_COMMON_BLOCKS = YES;
				GCC_OPTIMIZATION_LEVEL = 0;
				GCC_PREPROCESSOR_DEFINITIONS = (
					"DEBUG=1",
					"$(inherited)",
				);
				GCC_WARN_64_TO_32_BIT_CONVERSION = YES;
				GCC_WARN_ABOUT_RETURN_TYPE = YES_ERROR;
				GCC_WARN_UNDECLARED_SELECTOR = YES;
				GCC_WARN_UNINITIALIZED_AUTOS = YES_AGGRESSIVE;
				GCC_WARN_UNUSED_FUNCTION = YES;
				GCC_WARN_UNUSED_VARIABLE = YES;
				IPHONEOS_DEPLOYMENT_TARGET = 13.2;
				MTL_ENABLE_DEBUG_INFO = INCLUDE_SOURCE;
				MTL_FAST_MATH = YES;
				ONLY_ACTIVE_ARCH = YES;
				SDKROOT = iphoneos;
				SWIFT_ACTIVE_COMPILATION_CONDITIONS = DEBUG;
				SWIFT_OPTIMIZATION_LEVEL = "-Onone";
			};
			name = Debug;
		};
		BBADFCDB23D25FA9000E5346 /* Release */ = {
			isa = XCBuildConfiguration;
			buildSettings = {
				ALWAYS_SEARCH_USER_PATHS = NO;
				CLANG_ANALYZER_NONNULL = YES;
				CLANG_ANALYZER_NUMBER_OBJECT_CONVERSION = YES_AGGRESSIVE;
				CLANG_CXX_LANGUAGE_STANDARD = "gnu++14";
				CLANG_CXX_LIBRARY = "libc++";
				CLANG_ENABLE_MODULES = YES;
				CLANG_ENABLE_OBJC_ARC = YES;
				CLANG_ENABLE_OBJC_WEAK = YES;
				CLANG_WARN_BLOCK_CAPTURE_AUTORELEASING = YES;
				CLANG_WARN_BOOL_CONVERSION = YES;
				CLANG_WARN_COMMA = YES;
				CLANG_WARN_CONSTANT_CONVERSION = YES;
				CLANG_WARN_DEPRECATED_OBJC_IMPLEMENTATIONS = YES;
				CLANG_WARN_DIRECT_OBJC_ISA_USAGE = YES_ERROR;
				CLANG_WARN_DOCUMENTATION_COMMENTS = YES;
				CLANG_WARN_EMPTY_BODY = YES;
				CLANG_WARN_ENUM_CONVERSION = YES;
				CLANG_WARN_INFINITE_RECURSION = YES;
				CLANG_WARN_INT_CONVERSION = YES;
				CLANG_WARN_NON_LITERAL_NULL_CONVERSION = YES;
				CLANG_WARN_OBJC_IMPLICIT_RETAIN_SELF = YES;
				CLANG_WARN_OBJC_LITERAL_CONVERSION = YES;
				CLANG_WARN_OBJC_ROOT_CLASS = YES_ERROR;
				CLANG_WARN_RANGE_LOOP_ANALYSIS = YES;
				CLANG_WARN_STRICT_PROTOTYPES = YES;
				CLANG_WARN_SUSPICIOUS_MOVE = YES;
				CLANG_WARN_UNGUARDED_AVAILABILITY = YES_AGGRESSIVE;
				CLANG_WARN_UNREACHABLE_CODE = YES;
				CLANG_WARN__DUPLICATE_METHOD_MATCH = YES;
				COPY_PHASE_STRIP = NO;
				DEBUG_INFORMATION_FORMAT = "dwarf-with-dsym";
				ENABLE_NS_ASSERTIONS = NO;
				ENABLE_STRICT_OBJC_MSGSEND = YES;
				GCC_C_LANGUAGE_STANDARD = gnu11;
				GCC_NO_COMMON_BLOCKS = YES;
				GCC_WARN_64_TO_32_BIT_CONVERSION = YES;
				GCC_WARN_ABOUT_RETURN_TYPE = YES_ERROR;
				GCC_WARN_UNDECLARED_SELECTOR = YES;
				GCC_WARN_UNINITIALIZED_AUTOS = YES_AGGRESSIVE;
				GCC_WARN_UNUSED_FUNCTION = YES;
				GCC_WARN_UNUSED_VARIABLE = YES;
				IPHONEOS_DEPLOYMENT_TARGET = 13.2;
				MTL_ENABLE_DEBUG_INFO = NO;
				MTL_FAST_MATH = YES;
				SDKROOT = iphoneos;
				SWIFT_COMPILATION_MODE = wholemodule;
				SWIFT_OPTIMIZATION_LEVEL = "-O";
				VALIDATE_PRODUCT = YES;
			};
			name = Release;
		};
		BBADFCDD23D25FA9000E5346 /* Debug */ = {
			isa = XCBuildConfiguration;
			baseConfigurationReference = 15C3732D7098002375D641F0 /* Pods-library.debug.xcconfig */;
			buildSettings = {
				ASSETCATALOG_COMPILER_APPICON_NAME = AppIcon;
				CODE_SIGN_STYLE = Automatic;
				INFOPLIST_FILE = library/Info.plist;
				LD_RUNPATH_SEARCH_PATHS = (
					"$(inherited)",
					"@executable_path/Frameworks",
				);
				PRODUCT_BUNDLE_IDENTIFIER = com.tamaramcdiarmid.library;
				PRODUCT_NAME = "$(TARGET_NAME)";
				SWIFT_VERSION = 5.0;
				TARGETED_DEVICE_FAMILY = "1,2";
			};
			name = Debug;
		};
		BBADFCDE23D25FA9000E5346 /* Release */ = {
			isa = XCBuildConfiguration;
			baseConfigurationReference = D9FD51624D1EA45D750D53CA /* Pods-library.release.xcconfig */;
			buildSettings = {
				ASSETCATALOG_COMPILER_APPICON_NAME = AppIcon;
				CODE_SIGN_STYLE = Automatic;
				INFOPLIST_FILE = library/Info.plist;
				LD_RUNPATH_SEARCH_PATHS = (
					"$(inherited)",
					"@executable_path/Frameworks",
				);
				PRODUCT_BUNDLE_IDENTIFIER = com.tamaramcdiarmid.library;
				PRODUCT_NAME = "$(TARGET_NAME)";
				SWIFT_VERSION = 5.0;
				TARGETED_DEVICE_FAMILY = "1,2";
			};
			name = Release;
		};
/* End XCBuildConfiguration section */

/* Begin XCConfigurationList section */
		BBADFCC323D25FA9000E5346 /* Build configuration list for PBXProject "library" */ = {
			isa = XCConfigurationList;
			buildConfigurations = (
				BBADFCDA23D25FA9000E5346 /* Debug */,
				BBADFCDB23D25FA9000E5346 /* Release */,
			);
			defaultConfigurationIsVisible = 0;
			defaultConfigurationName = Release;
		};
		BBADFCDC23D25FA9000E5346 /* Build configuration list for PBXNativeTarget "library" */ = {
			isa = XCConfigurationList;
			buildConfigurations = (
				BBADFCDD23D25FA9000E5346 /* Debug */,
				BBADFCDE23D25FA9000E5346 /* Release */,
			);
			defaultConfigurationIsVisible = 0;
			defaultConfigurationName = Release;
		};
/* End XCConfigurationList section */
	};
	rootObject = BBADFCC023D25FA9000E5346 /* Project object */;
}
